
Microsoft Visual Studio Solution File, Format Version 12.00
Project("{FAE04EC0-301F-11D3-BF4B-00C04F79EFBC}") = "Memory.Library", "Memory.Library\Memory.Library.csproj", "{79CDF333-7165-4447-B551-5B813E89EC15}"
EndProject
Project("{FAE04EC0-301F-11D3-BF4B-00C04F79EFBC}") = "Memory.Console", "Memory.Console\Memory.Console.csproj", "{DD1F55C2-0391-4A6D-A46D-76B30D5B6BC7}"
EndProject
Project("{FAE04EC0-301F-11D3-BF4B-00C04F79EFBC}") = "MemoryWpfApplication", "MemoryWpfApplication\MemoryWpfApplication.csproj", "{8D2F91C4-A44E-4667-9D70-98A788B794FB}"
EndProject
Project("{FAE04EC0-301F-11D3-BF4B-00C04F79EFBC}") = "Memory.UnitTests", "Memory.UnitTests\Memory.UnitTests.csproj", "{943563E1-D4DC-4429-9E25-BCBF1B214036}"
EndProject
Project("{FAE04EC0-301F-11D3-BF4B-00C04F79EFBC}") = "Memory.DataAccess", "Memory.DataAccess\Memory.DataAccess.csproj", "{9A947E6B-9986-46ED-8614-D28A435EF7D4}"
EndProject
Global
	GlobalSection(SolutionConfigurationPlatforms) = preSolution
		Debug|Any CPU = Debug|Any CPU
		Release|Any CPU = Release|Any CPU
	EndGlobalSection
	GlobalSection(ProjectConfigurationPlatforms) = postSolution
		{79CDF333-7165-4447-B551-5B813E89EC15}.Debug|Any CPU.ActiveCfg = Debug|Any CPU
		{79CDF333-7165-4447-B551-5B813E89EC15}.Debug|Any CPU.Build.0 = Debug|Any CPU
		{79CDF333-7165-4447-B551-5B813E89EC15}.Release|Any CPU.ActiveCfg = Release|Any CPU
		{79CDF333-7165-4447-B551-5B813E89EC15}.Release|Any CPU.Build.0 = Release|Any CPU
		{DD1F55C2-0391-4A6D-A46D-76B30D5B6BC7}.Debug|Any CPU.ActiveCfg = Debug|Any CPU
		{DD1F55C2-0391-4A6D-A46D-76B30D5B6BC7}.Debug|Any CPU.Build.0 = Debug|Any CPU
		{DD1F55C2-0391-4A6D-A46D-76B30D5B6BC7}.Release|Any CPU.ActiveCfg = Release|Any CPU
		{DD1F55C2-0391-4A6D-A46D-76B30D5B6BC7}.Release|Any CPU.Build.0 = Release|Any CPU
		{8D2F91C4-A44E-4667-9D70-98A788B794FB}.Debug|Any CPU.ActiveCfg = Debug|Any CPU
		{8D2F91C4-A44E-4667-9D70-98A788B794FB}.Debug|Any CPU.Build.0 = Debug|Any CPU
		{8D2F91C4-A44E-4667-9D70-98A788B794FB}.Release|Any CPU.ActiveCfg = Release|Any CPU
		{8D2F91C4-A44E-4667-9D70-98A788B794FB}.Release|Any CPU.Build.0 = Release|Any CPU
		{943563E1-D4DC-4429-9E25-BCBF1B214036}.Debug|Any CPU.ActiveCfg = Debug|Any CPU
		{943563E1-D4DC-4429-9E25-BCBF1B214036}.Debug|Any CPU.Build.0 = Debug|Any CPU
		{943563E1-D4DC-4429-9E25-BCBF1B214036}.Release|Any CPU.ActiveCfg = Release|Any CPU
		{943563E1-D4DC-4429-9E25-BCBF1B214036}.Release|Any CPU.Build.0 = Release|Any CPU
		{9A947E6B-9986-46ED-8614-D28A435EF7D4}.Debug|Any CPU.ActiveCfg = Debug|Any CPU
		{9A947E6B-9986-46ED-8614-D28A435EF7D4}.Debug|Any CPU.Build.0 = Debug|Any CPU
		{9A947E6B-9986-46ED-8614-D28A435EF7D4}.Release|Any CPU.ActiveCfg = Release|Any CPU
		{9A947E6B-9986-46ED-8614-D28A435EF7D4}.Release|Any CPU.Build.0 = Release|Any CPU
	EndGlobalSection
EndGlobal
