
Microsoft Visual Studio Solution File, Format Version 12.00
Project("{FAE04EC0-301F-11D3-BF4B-00C04F79EFBC}") = "MemoryLibrary", "MemoryLibrary\MemoryLibrary.csproj", "{79CDF333-7165-4447-B551-5B813E89EC15}"
EndProject
Project("{FAE04EC0-301F-11D3-BF4B-00C04F79EFBC}") = "MemoryConsoleApplication", "MemoryConsoleApplication\MemoryConsoleApplication.csproj", "{DD1F55C2-0391-4A6D-A46D-76B30D5B6BC7}"
EndProject
Global
	GlobalSection(SolutionConfigurationPlatforms) = preSolution
		Debug|Any CPU = Debug|Any CPU
		Release|Any CPU = Release|Any CPU
	EndGlobalSection
	GlobalSection(ProjectConfigurationPlatforms) = postSolution
		{79CDF333-7165-4447-B551-5B813E89EC15}.Debug|Any CPU.ActiveCfg = Debug|Any CPU
		{79CDF333-7165-4447-B551-5B813E89EC15}.Debug|Any CPU.Build.0 = Debug|Any CPU
		{79CDF333-7165-4447-B551-5B813E89EC15}.Release|Any CPU.ActiveCfg = Release|Any CPU
		{79CDF333-7165-4447-B551-5B813E89EC15}.Release|Any CPU.Build.0 = Release|Any CPU
		{DD1F55C2-0391-4A6D-A46D-76B30D5B6BC7}.Debug|Any CPU.ActiveCfg = Debug|Any CPU
		{DD1F55C2-0391-4A6D-A46D-76B30D5B6BC7}.Debug|Any CPU.Build.0 = Debug|Any CPU
		{DD1F55C2-0391-4A6D-A46D-76B30D5B6BC7}.Release|Any CPU.ActiveCfg = Release|Any CPU
		{DD1F55C2-0391-4A6D-A46D-76B30D5B6BC7}.Release|Any CPU.Build.0 = Release|Any CPU
	EndGlobalSection
EndGlobal
